
Microsoft Visual Studio Solution File, Format Version 12.00
# Visual Studio Version 17
VisualStudioVersion = 17.7.34031.279
MinimumVisualStudioVersion = 10.0.40219.1
Project("{9A19103F-16F7-4668-BE54-9A1E7A4F7556}") = "QAT_Booking.API", "src\QAT_Booking.API\QAT_Booking.API.csproj", "{2A0B4D84-C30E-4886-BD4D-9B048E02E068}"
EndProject
Project("{9A19103F-16F7-4668-BE54-9A1E7A4F7556}") = "QAT_Booking.Core", "src\QAT_Booking.Core\QAT_Booking.Core.csproj", "{5506DAC2-8D82-4E14-89BF-C3B4E98D37D0}"
EndProject
Project("{9A19103F-16F7-4668-BE54-9A1E7A4F7556}") = "QAT_Booking.Data", "src\QAT_Booking.Data\QAT_Booking.Data.csproj", "{99C4DD07-78A1-49AD-BBB1-7FCC09BB56BA}"
EndProject
Project("{2150E333-8FDC-42A3-9474-1A3956D46DE8}") = "Domain", "Domain", "{AE09F90F-6435-4C2F-A47A-EA3DB3C90D56}"
EndProject
Project("{2150E333-8FDC-42A3-9474-1A3956D46DE8}") = "Host", "Host", "{AB9CA4BC-5911-414F-BAF9-89FC27E0CB97}"
EndProject
Project("{2150E333-8FDC-42A3-9474-1A3956D46DE8}") = "Infrastructure", "Infrastructure", "{E2B9C205-3525-42CB-8FEC-F755F58CFD7B}"
EndProject
Project("{FAE04EC0-301F-11D3-BF4B-00C04F79EFBC}") = "QAT_Booking.APItoWeb", "src\QAT_Booking.APItoWeb\QAT_Booking.APItoWeb.csproj", "{386D5BCA-AD4B-47B0-88EA-D6C2ED454AF5}"
EndProject
Project("{FAE04EC0-301F-11D3-BF4B-00C04F79EFBC}") = "QAT_Booking.ViewModels", "src\QAT_Booking.ViewModels\QAT_Booking.ViewModels.csproj", "{668826A9-287F-48DB-926D-5C4DBDAC6C2F}"
EndProject
Project("{9A19103F-16F7-4668-BE54-9A1E7A4F7556}") = "QAT_Booking.Utilities", "src\QAT_Booking.Utilities\QAT_Booking.Utilities.csproj", "{576B7EDA-4947-44FC-A13E-8A5F7BA6D72B}"
EndProject
Project("{FAE04EC0-301F-11D3-BF4B-00C04F79EFBC}") = "QAT_Booking.AdminApp", "src\QAT_Booking.AdminApp\QAT_Booking.AdminApp.csproj", "{EE149588-1592-4626-B0E4-B264D419527B}"
EndProject
Project("{FAE04EC0-301F-11D3-BF4B-00C04F79EFBC}") = "QAT_Booking.WebApp", "src\QAT_Booking.WebApp\QAT_Booking.WebApp.csproj", "{C3D75D49-09FC-4061-905F-690A43CEE3FB}"
EndProject
Global
	GlobalSection(SolutionConfigurationPlatforms) = preSolution
		Debug|Any CPU = Debug|Any CPU
		Release|Any CPU = Release|Any CPU
	EndGlobalSection
	GlobalSection(ProjectConfigurationPlatforms) = postSolution
		{2A0B4D84-C30E-4886-BD4D-9B048E02E068}.Debug|Any CPU.ActiveCfg = Debug|Any CPU
		{2A0B4D84-C30E-4886-BD4D-9B048E02E068}.Debug|Any CPU.Build.0 = Debug|Any CPU
		{2A0B4D84-C30E-4886-BD4D-9B048E02E068}.Release|Any CPU.ActiveCfg = Release|Any CPU
		{2A0B4D84-C30E-4886-BD4D-9B048E02E068}.Release|Any CPU.Build.0 = Release|Any CPU
		{5506DAC2-8D82-4E14-89BF-C3B4E98D37D0}.Debug|Any CPU.ActiveCfg = Debug|Any CPU
		{5506DAC2-8D82-4E14-89BF-C3B4E98D37D0}.Debug|Any CPU.Build.0 = Debug|Any CPU
		{5506DAC2-8D82-4E14-89BF-C3B4E98D37D0}.Release|Any CPU.ActiveCfg = Release|Any CPU
		{5506DAC2-8D82-4E14-89BF-C3B4E98D37D0}.Release|Any CPU.Build.0 = Release|Any CPU
		{99C4DD07-78A1-49AD-BBB1-7FCC09BB56BA}.Debug|Any CPU.ActiveCfg = Debug|Any CPU
		{99C4DD07-78A1-49AD-BBB1-7FCC09BB56BA}.Debug|Any CPU.Build.0 = Debug|Any CPU
		{99C4DD07-78A1-49AD-BBB1-7FCC09BB56BA}.Release|Any CPU.ActiveCfg = Release|Any CPU
		{99C4DD07-78A1-49AD-BBB1-7FCC09BB56BA}.Release|Any CPU.Build.0 = Release|Any CPU
		{386D5BCA-AD4B-47B0-88EA-D6C2ED454AF5}.Debug|Any CPU.ActiveCfg = Debug|Any CPU
		{386D5BCA-AD4B-47B0-88EA-D6C2ED454AF5}.Debug|Any CPU.Build.0 = Debug|Any CPU
		{386D5BCA-AD4B-47B0-88EA-D6C2ED454AF5}.Release|Any CPU.ActiveCfg = Release|Any CPU
		{386D5BCA-AD4B-47B0-88EA-D6C2ED454AF5}.Release|Any CPU.Build.0 = Release|Any CPU
		{668826A9-287F-48DB-926D-5C4DBDAC6C2F}.Debug|Any CPU.ActiveCfg = Debug|Any CPU
		{668826A9-287F-48DB-926D-5C4DBDAC6C2F}.Debug|Any CPU.Build.0 = Debug|Any CPU
		{668826A9-287F-48DB-926D-5C4DBDAC6C2F}.Release|Any CPU.ActiveCfg = Release|Any CPU
		{668826A9-287F-48DB-926D-5C4DBDAC6C2F}.Release|Any CPU.Build.0 = Release|Any CPU
		{576B7EDA-4947-44FC-A13E-8A5F7BA6D72B}.Debug|Any CPU.ActiveCfg = Debug|Any CPU
		{576B7EDA-4947-44FC-A13E-8A5F7BA6D72B}.Debug|Any CPU.Build.0 = Debug|Any CPU
		{576B7EDA-4947-44FC-A13E-8A5F7BA6D72B}.Release|Any CPU.ActiveCfg = Release|Any CPU
		{576B7EDA-4947-44FC-A13E-8A5F7BA6D72B}.Release|Any CPU.Build.0 = Release|Any CPU
		{EE149588-1592-4626-B0E4-B264D419527B}.Debug|Any CPU.ActiveCfg = Debug|Any CPU
		{EE149588-1592-4626-B0E4-B264D419527B}.Debug|Any CPU.Build.0 = Debug|Any CPU
		{EE149588-1592-4626-B0E4-B264D419527B}.Release|Any CPU.ActiveCfg = Release|Any CPU
		{EE149588-1592-4626-B0E4-B264D419527B}.Release|Any CPU.Build.0 = Release|Any CPU
		{C3D75D49-09FC-4061-905F-690A43CEE3FB}.Debug|Any CPU.ActiveCfg = Debug|Any CPU
		{C3D75D49-09FC-4061-905F-690A43CEE3FB}.Debug|Any CPU.Build.0 = Debug|Any CPU
		{C3D75D49-09FC-4061-905F-690A43CEE3FB}.Release|Any CPU.ActiveCfg = Release|Any CPU
		{C3D75D49-09FC-4061-905F-690A43CEE3FB}.Release|Any CPU.Build.0 = Release|Any CPU
	EndGlobalSection
	GlobalSection(SolutionProperties) = preSolution
		HideSolutionNode = FALSE
	EndGlobalSection
	GlobalSection(NestedProjects) = preSolution
		{2A0B4D84-C30E-4886-BD4D-9B048E02E068} = {AB9CA4BC-5911-414F-BAF9-89FC27E0CB97}
		{5506DAC2-8D82-4E14-89BF-C3B4E98D37D0} = {AE09F90F-6435-4C2F-A47A-EA3DB3C90D56}
		{99C4DD07-78A1-49AD-BBB1-7FCC09BB56BA} = {AE09F90F-6435-4C2F-A47A-EA3DB3C90D56}
		{386D5BCA-AD4B-47B0-88EA-D6C2ED454AF5} = {E2B9C205-3525-42CB-8FEC-F755F58CFD7B}
		{668826A9-287F-48DB-926D-5C4DBDAC6C2F} = {E2B9C205-3525-42CB-8FEC-F755F58CFD7B}
		{576B7EDA-4947-44FC-A13E-8A5F7BA6D72B} = {E2B9C205-3525-42CB-8FEC-F755F58CFD7B}
		{EE149588-1592-4626-B0E4-B264D419527B} = {AB9CA4BC-5911-414F-BAF9-89FC27E0CB97}
		{C3D75D49-09FC-4061-905F-690A43CEE3FB} = {AB9CA4BC-5911-414F-BAF9-89FC27E0CB97}
	EndGlobalSection
	GlobalSection(ExtensibilityGlobals) = postSolution
		SolutionGuid = {2F546768-DABD-443E-89C6-1787EB5BD923}
	EndGlobalSection
EndGlobal
